
Microsoft Visual Studio Solution File, Format Version 12.00
Project("{FAE04EC0-301F-11D3-BF4B-00C04F79EFBC}") = "OwnHabits.Api", "OwnHabits.Api\OwnHabits.Api.csproj", "{822FAA6F-DF51-4C77-BD00-D5E751BDAB02}"
EndProject
Project("{FAE04EC0-301F-11D3-BF4B-00C04F79EFBC}") = "OwnHabits.Domain", "OwnHabits.Domain\OwnHabits.Domain.csproj", "{A122A05B-44A0-418A-A9E0-653BD0FFBAD0}"
EndProject
Project("{FAE04EC0-301F-11D3-BF4B-00C04F79EFBC}") = "OwnHabits.Infrastructure", "OwnHabits.Infrastructure\OwnHabits.Infrastructure.csproj", "{D35A2893-FE7C-454E-8599-B4E730982C92}"
EndProject
Project("{FAE04EC0-301F-11D3-BF4B-00C04F79EFBC}") = "OwnHabits.Application", "OwnHabits.Application\OwnHabits.Application.csproj", "{611558D2-9170-4A4B-808B-F7FE80D29353}"
EndProject
Global
	GlobalSection(SolutionConfigurationPlatforms) = preSolution
		Debug|Any CPU = Debug|Any CPU
		Release|Any CPU = Release|Any CPU
	EndGlobalSection
	GlobalSection(ProjectConfigurationPlatforms) = postSolution
		{822FAA6F-DF51-4C77-BD00-D5E751BDAB02}.Debug|Any CPU.ActiveCfg = Debug|Any CPU
		{822FAA6F-DF51-4C77-BD00-D5E751BDAB02}.Debug|Any CPU.Build.0 = Debug|Any CPU
		{822FAA6F-DF51-4C77-BD00-D5E751BDAB02}.Release|Any CPU.ActiveCfg = Release|Any CPU
		{822FAA6F-DF51-4C77-BD00-D5E751BDAB02}.Release|Any CPU.Build.0 = Release|Any CPU
		{A122A05B-44A0-418A-A9E0-653BD0FFBAD0}.Debug|Any CPU.ActiveCfg = Debug|Any CPU
		{A122A05B-44A0-418A-A9E0-653BD0FFBAD0}.Debug|Any CPU.Build.0 = Debug|Any CPU
		{A122A05B-44A0-418A-A9E0-653BD0FFBAD0}.Release|Any CPU.ActiveCfg = Release|Any CPU
		{A122A05B-44A0-418A-A9E0-653BD0FFBAD0}.Release|Any CPU.Build.0 = Release|Any CPU
		{D35A2893-FE7C-454E-8599-B4E730982C92}.Debug|Any CPU.ActiveCfg = Debug|Any CPU
		{D35A2893-FE7C-454E-8599-B4E730982C92}.Debug|Any CPU.Build.0 = Debug|Any CPU
		{D35A2893-FE7C-454E-8599-B4E730982C92}.Release|Any CPU.ActiveCfg = Release|Any CPU
		{D35A2893-FE7C-454E-8599-B4E730982C92}.Release|Any CPU.Build.0 = Release|Any CPU
		{611558D2-9170-4A4B-808B-F7FE80D29353}.Debug|Any CPU.ActiveCfg = Debug|Any CPU
		{611558D2-9170-4A4B-808B-F7FE80D29353}.Debug|Any CPU.Build.0 = Debug|Any CPU
		{611558D2-9170-4A4B-808B-F7FE80D29353}.Release|Any CPU.ActiveCfg = Release|Any CPU
		{611558D2-9170-4A4B-808B-F7FE80D29353}.Release|Any CPU.Build.0 = Release|Any CPU
	EndGlobalSection
EndGlobal
